
Microsoft Visual Studio Solution File, Format Version 12.00
# Visual Studio Version 17
VisualStudioVersion = 17.2.32519.379
MinimumVisualStudioVersion = 10.0.40219.1
Project("{9A19103F-16F7-4668-BE54-9A1E7A4F7556}") = "IdentityAuth", "SocialAuth\IdentityAuth.csproj", "{26503ACC-982A-4DCF-B7F6-9C35117903BA}"
EndProject
Project("{9A19103F-16F7-4668-BE54-9A1E7A4F7556}") = "JWTPermissionBased", "..\..\..\Downloads\jwtpermissionbased-main-JWTPermissionBased\jwtpermissionbased-main-JWTPermissionBased\JWTPermissionBased\JWTPermissionBased.csproj", "{B83401A9-11C7-467F-B7AE-64568DCD0DB3}"
EndProject
Global
	GlobalSection(SolutionConfigurationPlatforms) = preSolution
		Debug|Any CPU = Debug|Any CPU
		Release|Any CPU = Release|Any CPU
	EndGlobalSection
	GlobalSection(ProjectConfigurationPlatforms) = postSolution
		{26503ACC-982A-4DCF-B7F6-9C35117903BA}.Debug|Any CPU.ActiveCfg = Debug|Any CPU
		{26503ACC-982A-4DCF-B7F6-9C35117903BA}.Debug|Any CPU.Build.0 = Debug|Any CPU
		{26503ACC-982A-4DCF-B7F6-9C35117903BA}.Release|Any CPU.ActiveCfg = Release|Any CPU
		{26503ACC-982A-4DCF-B7F6-9C35117903BA}.Release|Any CPU.Build.0 = Release|Any CPU
		{B83401A9-11C7-467F-B7AE-64568DCD0DB3}.Debug|Any CPU.ActiveCfg = Debug|Any CPU
		{B83401A9-11C7-467F-B7AE-64568DCD0DB3}.Debug|Any CPU.Build.0 = Debug|Any CPU
		{B83401A9-11C7-467F-B7AE-64568DCD0DB3}.Release|Any CPU.ActiveCfg = Release|Any CPU
		{B83401A9-11C7-467F-B7AE-64568DCD0DB3}.Release|Any CPU.Build.0 = Release|Any CPU
	EndGlobalSection
	GlobalSection(SolutionProperties) = preSolution
		HideSolutionNode = FALSE
	EndGlobalSection
	GlobalSection(ExtensibilityGlobals) = postSolution
		SolutionGuid = {19074AE5-0C0A-4809-8297-4861149CFF23}
	EndGlobalSection
EndGlobal
